// !$*UTF8*$!
{
	archiveVersion = 1;
	classes = {
	};
	objectVersion = 46;
	objects = {

/* Begin PBXBuildFile section */
		1CC61C791CB2C10D00AB447A /* main.m in Sources */ = {isa = PBXBuildFile; fileRef = 1CC61C781CB2C10D00AB447A /* main.m */; };
		1CC61C7C1CB2C10D00AB447A /* AppDelegate.m in Sources */ = {isa = PBXBuildFile; fileRef = 1CC61C7B1CB2C10D00AB447A /* AppDelegate.m */; };
		1CC61C7F1CB2C10D00AB447A /* ViewController.m in Sources */ = {isa = PBXBuildFile; fileRef = 1CC61C7E1CB2C10D00AB447A /* ViewController.m */; };
		1CC61C821CB2C10D00AB447A /* Main.storyboard in Resources */ = {isa = PBXBuildFile; fileRef = 1CC61C801CB2C10D00AB447A /* Main.storyboard */; };
		1CC61C841CB2C10D00AB447A /* Assets.xcassets in Resources */ = {isa = PBXBuildFile; fileRef = 1CC61C831CB2C10D00AB447A /* Assets.xcassets */; };
		1CC61C871CB2C10D00AB447A /* LaunchScreen.storyboard in Resources */ = {isa = PBXBuildFile; fileRef = 1CC61C851CB2C10D00AB447A /* LaunchScreen.storyboard */; };
		1CC61C931CB2C14800AB447A /* MAButtonTool.m in Sources */ = {isa = PBXBuildFile; fileRef = 1CC61C901CB2C14800AB447A /* MAButtonTool.m */; };
		1CC61C971CB2C1C100AB447A /* UIKit.framework in Frameworks */ = {isa = PBXBuildFile; fileRef = 1CC61C961CB2C1C100AB447A /* UIKit.framework */; };
		1CC61C9A1CB2D45A00AB447A /* UIButton+block.m in Sources */ = {isa = PBXBuildFile; fileRef = 1CC61C991CB2D45A00AB447A /* UIButton+block.m */; };
/* End PBXBuildFile section */

/* Begin PBXFileReference section */
		1CC61C741CB2C10C00AB447A /* MAButtonTool.app */ = {isa = PBXFileReference; explicitFileType = wrapper.application; includeInIndex = 0; path = MAButtonTool.app; sourceTree = BUILT_PRODUCTS_DIR; };
		1CC61C781CB2C10D00AB447A /* main.m */ = {isa = PBXFileReference; lastKnownFileType = sourcecode.c.objc; path = main.m; sourceTree = "<group>"; };
		1CC61C7A1CB2C10D00AB447A /* AppDelegate.h */ = {isa = PBXFileReference; lastKnownFileType = sourcecode.c.h; path = AppDelegate.h; sourceTree = "<group>"; };
		1CC61C7B1CB2C10D00AB447A /* AppDelegate.m */ = {isa = PBXFileReference; lastKnownFileType = sourcecode.c.objc; path = AppDelegate.m; sourceTree = "<group>"; };
		1CC61C7D1CB2C10D00AB447A /* ViewController.h */ = {isa = PBXFileReference; lastKnownFileType = sourcecode.c.h; path = ViewController.h; sourceTree = "<group>"; };
		1CC61C7E1CB2C10D00AB447A /* ViewController.m */ = {isa = PBXFileReference; lastKnownFileType = sourcecode.c.objc; path = ViewController.m; sourceTree = "<group>"; };
		1CC61C811CB2C10D00AB447A /* Base */ = {isa = PBXFileReference; lastKnownFileType = file.storyboard; name = Base; path = Base.lproj/Main.storyboard; sourceTree = "<group>"; };
		1CC61C831CB2C10D00AB447A /* Assets.xcassets */ = {isa = PBXFileReference; lastKnownFileType = folder.assetcatalog; path = Assets.xcassets; sourceTree = "<group>"; };
		1CC61C861CB2C10D00AB447A /* Base */ = {isa = PBXFileReference; lastKnownFileType = file.storyboard; name = Base; path = Base.lproj/LaunchScreen.storyboard; sourceTree = "<group>"; };
		1CC61C881CB2C10D00AB447A /* Info.plist */ = {isa = PBXFileReference; lastKnownFileType = text.plist.xml; path = Info.plist; sourceTree = "<group>"; };
		1CC61C8F1CB2C14800AB447A /* MAButtonTool.h */ = {isa = PBXFileReference; fileEncoding = 4; lastKnownFileType = sourcecode.c.h; path = MAButtonTool.h; sourceTree = "<group>"; };
		1CC61C901CB2C14800AB447A /* MAButtonTool.m */ = {isa = PBXFileReference; fileEncoding = 4; lastKnownFileType = sourcecode.c.objc; path = MAButtonTool.m; sourceTree = "<group>"; };
		1CC61C961CB2C1C100AB447A /* UIKit.framework */ = {isa = PBXFileReference; lastKnownFileType = wrapper.framework; name = UIKit.framework; path = System/Library/Frameworks/UIKit.framework; sourceTree = SDKROOT; };
		1CC61C981CB2D45A00AB447A /* UIButton+block.h */ = {isa = PBXFileReference; fileEncoding = 4; lastKnownFileType = sourcecode.c.h; path = "UIButton+block.h"; sourceTree = "<group>"; };
		1CC61C991CB2D45A00AB447A /* UIButton+block.m */ = {isa = PBXFileReference; fileEncoding = 4; lastKnownFileType = sourcecode.c.objc; path = "UIButton+block.m"; sourceTree = "<group>"; };
/* End PBXFileReference section */

/* Begin PBXFrameworksBuildPhase section */
		1CC61C711CB2C10C00AB447A /* Frameworks */ = {
			isa = PBXFrameworksBuildPhase;
			buildActionMask = 2147483647;
			files = (
				1CC61C971CB2C1C100AB447A /* UIKit.framework in Frameworks */,
			);
			runOnlyForDeploymentPostprocessing = 0;
		};
/* End PBXFrameworksBuildPhase section */

/* Begin PBXGroup section */
		1CC61C6B1CB2C10C00AB447A = {
			isa = PBXGroup;
			children = (
				1CC61C761CB2C10D00AB447A /* MAButtonTool */,
				1CC61C961CB2C1C100AB447A /* UIKit.framework */,
				1CC61C751CB2C10C00AB447A /* Products */,
			);
			sourceTree = "<group>";
		};
		1CC61C751CB2C10C00AB447A /* Products */ = {
			isa = PBXGroup;
			children = (
				1CC61C741CB2C10C00AB447A /* MAButtonTool.app */,
			);
			name = Products;
			sourceTree = "<group>";
		};
		1CC61C761CB2C10D00AB447A /* MAButtonTool */ = {
			isa = PBXGroup;
			children = (
				1CC61C8E1CB2C14800AB447A /* MAButtonTool */,
				1CC61C7A1CB2C10D00AB447A /* AppDelegate.h */,
				1CC61C7B1CB2C10D00AB447A /* AppDelegate.m */,
				1CC61C7D1CB2C10D00AB447A /* ViewController.h */,
				1CC61C7E1CB2C10D00AB447A /* ViewController.m */,
				1CC61C801CB2C10D00AB447A /* Main.storyboard */,
				1CC61C831CB2C10D00AB447A /* Assets.xcassets */,
				1CC61C851CB2C10D00AB447A /* LaunchScreen.storyboard */,
				1CC61C881CB2C10D00AB447A /* Info.plist */,
				1CC61C771CB2C10D00AB447A /* Supporting Files */,
			);
			path = MAButtonTool;
			sourceTree = "<group>";
		};
		1CC61C771CB2C10D00AB447A /* Supporting Files */ = {
			isa = PBXGroup;
			children = (
				1CC61C781CB2C10D00AB447A /* main.m */,
			);
			name = "Supporting Files";
			sourceTree = "<group>";
		};
		1CC61C8E1CB2C14800AB447A /* MAButtonTool */ = {
			isa = PBXGroup;
			children = (
				1CC61C981CB2D45A00AB447A /* UIButton+block.h */,
				1CC61C991CB2D45A00AB447A /* UIButton+block.m */,
				1CC61C8F1CB2C14800AB447A /* MAButtonTool.h */,
				1CC61C901CB2C14800AB447A /* MAButtonTool.m */,
			);
			path = MAButtonTool;
			sourceTree = "<group>";
		};
/* End PBXGroup section */

/* Begin PBXNativeTarget section */
		1CC61C731CB2C10C00AB447A /* MAButtonTool */ = {
			isa = PBXNativeTarget;
			buildConfigurationList = 1CC61C8B1CB2C10D00AB447A /* Build configuration list for PBXNativeTarget "MAButtonTool" */;
			buildPhases = (
				1CC61C701CB2C10C00AB447A /* Sources */,
				1CC61C711CB2C10C00AB447A /* Frameworks */,
				1CC61C721CB2C10C00AB447A /* Resources */,
			);
			buildRules = (
			);
			dependencies = (
			);
			name = MAButtonTool;
			productName = MAButtonTool;
			productReference = 1CC61C741CB2C10C00AB447A /* MAButtonTool.app */;
			productType = "com.apple.product-type.application";
		};
/* End PBXNativeTarget section */

/* Begin PBXProject section */
		1CC61C6C1CB2C10C00AB447A /* Project object */ = {
			isa = PBXProject;
			attributes = {
				LastUpgradeCheck = 0730;
				ORGANIZATIONNAME = MISSAJJ;
				TargetAttributes = {
					1CC61C731CB2C10C00AB447A = {
						CreatedOnToolsVersion = 7.3;
					};
				};
			};
			buildConfigurationList = 1CC61C6F1CB2C10C00AB447A /* Build configuration list for PBXProject "MAButtonTool" */;
			compatibilityVersion = "Xcode 3.2";
			developmentRegion = English;
			hasScannedForEncodings = 0;
			knownRegions = (
				en,
				Base,
			);
			mainGroup = 1CC61C6B1CB2C10C00AB447A;
			productRefGroup = 1CC61C751CB2C10C00AB447A /* Products */;
			projectDirPath = "";
			projectRoot = "";
			targets = (
				1CC61C731CB2C10C00AB447A /* MAButtonTool */,
			);
		};
/* End PBXProject section */

/* Begin PBXResourcesBuildPhase section */
		1CC61C721CB2C10C00AB447A /* Resources */ = {
			isa = PBXResourcesBuildPhase;
			buildActionMask = 2147483647;
			files = (
				1CC61C871CB2C10D00AB447A /* LaunchScreen.storyboard in Resources */,
				1CC61C841CB2C10D00AB447A /* Assets.xcassets in Resources */,
				1CC61C821CB2C10D00AB447A /* Main.storyboard in Resources */,
			);
			runOnlyForDeploymentPostprocessing = 0;
		};
/* End PBXResourcesBuildPhase section */

/* Begin PBXSourcesBuildPhase section */
		1CC61C701CB2C10C00AB447A /* Sources */ = {
			isa = PBXSourcesBuildPhase;
			buildActionMask = 2147483647;
			files = (
				1CC61C9A1CB2D45A00AB447A /* UIButton+block.m in Sources */,
				1CC61C7F1CB2C10D00AB447A /* ViewController.m in Sources */,
				1CC61C931CB2C14800AB447A /* MAButtonTool.m in Sources */,
				1CC61C7C1CB2C10D00AB447A /* AppDelegate.m in Sources */,
				1CC61C791CB2C10D00AB447A /* main.m in Sources */,
			);
			runOnlyForDeploymentPostprocessing = 0;
		};
/* End PBXSourcesBuildPhase section */

/* Begin PBXVariantGroup section */
		1CC61C801CB2C10D00AB447A /* Main.storyboard */ = {
			isa = PBXVariantGroup;
			children = (
				1CC61C811CB2C10D00AB447A /* Base */,
			);
			name = Main.storyboard;
			sourceTree = "<group>";
		};
		1CC61C851CB2C10D00AB447A /* LaunchScreen.storyboard */ = {
			isa = PBXVariantGroup;
			children = (
				1CC61C861CB2C10D00AB447A /* Base */,
			);
			name = LaunchScreen.storyboard;
			sourceTree = "<group>";
		};
/* End PBXVariantGroup section */

/* Begin XCBuildConfiguration section */
		1CC61C891CB2C10D00AB447A /* Debug */ = {
			isa = XCBuildConfiguration;
			buildSettings = {
				ALWAYS_SEARCH_USER_PATHS = NO;
				CLANG_ANALYZER_NONNULL = YES;
				CLANG_CXX_LANGUAGE_STANDARD = "gnu++0x";
				CLANG_CXX_LIBRARY = "libc++";
				CLANG_ENABLE_MODULES = YES;
				CLANG_ENABLE_OBJC_ARC = YES;
				CLANG_WARN_BOOL_CONVERSION = YES;
				CLANG_WARN_CONSTANT_CONVERSION = YES;
				CLANG_WARN_DIRECT_OBJC_ISA_USAGE = YES_ERROR;
				CLANG_WARN_EMPTY_BODY = YES;
				CLANG_WARN_ENUM_CONVERSION = YES;
				CLANG_WARN_INT_CONVERSION = YES;
				CLANG_WARN_OBJC_ROOT_CLASS = YES_ERROR;
				CLANG_WARN_UNREACHABLE_CODE = YES;
				CLANG_WARN__DUPLICATE_METHOD_MATCH = YES;
				"CODE_SIGN_IDENTITY[sdk=iphoneos*]" = "iPhone Developer";
				COPY_PHASE_STRIP = NO;
				DEBUG_INFORMATION_FORMAT = dwarf;
				ENABLE_STRICT_OBJC_MSGSEND = YES;
				ENABLE_TESTABILITY = YES;
				GCC_C_LANGUAGE_STANDARD = gnu99;
				GCC_DYNAMIC_NO_PIC = NO;
				GCC_NO_COMMON_BLOCKS = YES;
				GCC_OPTIMIZATION_LEVEL = 0;
				GCC_PREPROCESSOR_DEFINITIONS = (
					"DEBUG=1",
					"$(inherited)",
				);
				GCC_WARN_64_TO_32_BIT_CONVERSION = YES;
				GCC_WARN_ABOUT_RETURN_TYPE = YES_ERROR;
				GCC_WARN_UNDECLARED_SELECTOR = YES;
				GCC_WARN_UNINITIALIZED_AUTOS = YES_AGGRESSIVE;
				GCC_WARN_UNUSED_FUNCTION = YES;
				GCC_WARN_UNUSED_VARIABLE = YES;
				IPHONEOS_DEPLOYMENT_TARGET = 9.3;
				MTL_ENABLE_DEBUG_INFO = YES;
				ONLY_ACTIVE_ARCH = YES;
				SDKROOT = iphoneos;
			};
			name = Debug;
		};
		1CC61C8A1CB2C10D00AB447A /* Release */ = {
			isa = XCBuildConfiguration;
			buildSettings = {
				ALWAYS_SEARCH_USER_PATHS = NO;
				CLANG_ANALYZER_NONNULL = YES;
				CLANG_CXX_LANGUAGE_STANDARD = "gnu++0x";
				CLANG_CXX_LIBRARY = "libc++";
				CLANG_ENABLE_MODULES = YES;
				CLANG_ENABLE_OBJC_ARC = YES;
				CLANG_WARN_BOOL_CONVERSION = YES;
				CLANG_WARN_CONSTANT_CONVERSION = YES;
				CLANG_WARN_DIRECT_OBJC_ISA_USAGE = YES_ERROR;
				CLANG_WARN_EMPTY_BODY = YES;
				CLANG_WARN_ENUM_CONVERSION = YES;
				CLANG_WARN_INT_CONVERSION = YES;
				CLANG_WARN_OBJC_ROOT_CLASS = YES_ERROR;
				CLANG_WARN_UNREACHABLE_CODE = YES;
				CLANG_WARN__DUPLICATE_METHOD_MATCH = YES;
				"CODE_SIGN_IDENTITY[sdk=iphoneos*]" = "iPhone Developer";
				COPY_PHASE_STRIP = NO;
				DEBUG_INFORMATION_FORMAT = "dwarf-with-dsym";
				ENABLE_NS_ASSERTIONS = NO;
				ENABLE_STRICT_OBJC_MSGSEND = YES;
				GCC_C_LANGUAGE_STANDARD = gnu99;
				GCC_NO_COMMON_BLOCKS = YES;
				GCC_WARN_64_TO_32_BIT_CONVERSION = YES;
				GCC_WARN_ABOUT_RETURN_TYPE = YES_ERROR;
				GCC_WARN_UNDECLARED_SELECTOR = YES;
				GCC_WARN_UNINITIALIZED_AUTOS = YES_AGGRESSIVE;
				GCC_WARN_UNUSED_FUNCTION = YES;
				GCC_WARN_UNUSED_VARIABLE = YES;
				IPHONEOS_DEPLOYMENT_TARGET = 9.3;
				MTL_ENABLE_DEBUG_INFO = NO;
				SDKROOT = iphoneos;
				VALIDATE_PRODUCT = YES;
			};
			name = Release;
		};
		1CC61C8C1CB2C10D00AB447A /* Debug */ = {
			isa = XCBuildConfiguration;
			buildSettings = {
				ASSETCATALOG_COMPILER_APPICON_NAME = AppIcon;
				ENABLE_BITCODE = YES;
				INFOPLIST_FILE = MAButtonTool/Info.plist;
				IPHONEOS_DEPLOYMENT_TARGET = 8.0;
				LD_RUNPATH_SEARCH_PATHS = "$(inherited) @executable_path/Frameworks";
				PRODUCT_BUNDLE_IDENTIFIER = COM.MISSAJJ.MAButtonTool;
				PRODUCT_NAME = "$(TARGET_NAME)";
			};
			name = Debug;
		};
		1CC61C8D1CB2C10D00AB447A /* Release */ = {
			isa = XCBuildConfiguration;
			buildSettings = {
				ASSETCATALOG_COMPILER_APPICON_NAME = AppIcon;
				ENABLE_BITCODE = YES;
				INFOPLIST_FILE = MAButtonTool/Info.plist;
				IPHONEOS_DEPLOYMENT_TARGET = 8.0;
				LD_RUNPATH_SEARCH_PATHS = "$(inherited) @executable_path/Frameworks";
				PRODUCT_BUNDLE_IDENTIFIER = COM.MISSAJJ.MAButtonTool;
				PRODUCT_NAME = "$(TARGET_NAME)";
			};
			name = Release;
		};
/* End XCBuildConfiguration section */

/* Begin XCConfigurationList section */
		1CC61C6F1CB2C10C00AB447A /* Build configuration list for PBXProject "MAButtonTool" */ = {
			isa = XCConfigurationList;
			buildConfigurations = (
				1CC61C891CB2C10D00AB447A /* Debug */,
				1CC61C8A1CB2C10D00AB447A /* Release */,
			);
			defaultConfigurationIsVisible = 0;
			defaultConfigurationName = Release;
		};
		1CC61C8B1CB2C10D00AB447A /* Build configuration list for PBXNativeTarget "MAButtonTool" */ = {
			isa = XCConfigurationList;
			buildConfigurations = (
				1CC61C8C1CB2C10D00AB447A /* Debug */,
				1CC61C8D1CB2C10D00AB447A /* Release */,
			);
			defaultConfigurationIsVisible = 0;
		};
/* End XCConfigurationList section */
	};
	rootObject = 1CC61C6C1CB2C10C00AB447A /* Project object */;
}
